
Microsoft Visual Studio Solution File, Format Version 12.00
# Visual Studio Version 17
VisualStudioVersion = 17.3.32922.545
MinimumVisualStudioVersion = 10.0.40219.1
Project("{FAE04EC0-301F-11D3-BF4B-00C04F79EFBC}") = "AreaShaper", "AreaShaper\AreaShaper.csproj", "{F6B719A3-7FE9-4032-B310-77A4F3FFFBB5}"
EndProject
Project("{FAE04EC0-301F-11D3-BF4B-00C04F79EFBC}") = "AreaShaperTests", "AreaShaperTests\AreaShaperTests.csproj", "{7E43ED82-D622-4358-A88C-21C941C3191C}"
EndProject
Global
	GlobalSection(SolutionConfigurationPlatforms) = preSolution
		Debug|Any CPU = Debug|Any CPU
		Release|Any CPU = Release|Any CPU
	EndGlobalSection
	GlobalSection(ProjectConfigurationPlatforms) = postSolution
		{F6B719A3-7FE9-4032-B310-77A4F3FFFBB5}.Debug|Any CPU.ActiveCfg = Debug|Any CPU
		{F6B719A3-7FE9-4032-B310-77A4F3FFFBB5}.Debug|Any CPU.Build.0 = Debug|Any CPU
		{F6B719A3-7FE9-4032-B310-77A4F3FFFBB5}.Release|Any CPU.ActiveCfg = Release|Any CPU
		{F6B719A3-7FE9-4032-B310-77A4F3FFFBB5}.Release|Any CPU.Build.0 = Release|Any CPU
		{7E43ED82-D622-4358-A88C-21C941C3191C}.Debug|Any CPU.ActiveCfg = Debug|Any CPU
		{7E43ED82-D622-4358-A88C-21C941C3191C}.Debug|Any CPU.Build.0 = Debug|Any CPU
		{7E43ED82-D622-4358-A88C-21C941C3191C}.Release|Any CPU.ActiveCfg = Release|Any CPU
		{7E43ED82-D622-4358-A88C-21C941C3191C}.Release|Any CPU.Build.0 = Release|Any CPU
	EndGlobalSection
	GlobalSection(SolutionProperties) = preSolution
		HideSolutionNode = FALSE
	EndGlobalSection
	GlobalSection(ExtensibilityGlobals) = postSolution
		SolutionGuid = {33A8FCA7-8656-4ABE-B637-76C64B9B6FD7}
	EndGlobalSection
EndGlobal
